
Microsoft Visual Studio Solution File, Format Version 12.00
# Visual Studio Version 16
VisualStudioVersion = 16.0.30621.155
MinimumVisualStudioVersion = 10.0.40219.1
Project("{FAE04EC0-301F-11D3-BF4B-00C04F79EFBC}") = "213002-code4", "213002-code4.csproj", "{BDED5650-F56E-42E6-8C7A-7CE8F953C907}"
EndProject
Global
	GlobalSection(SolutionConfigurationPlatforms) = preSolution
		Debug|Any CPU = Debug|Any CPU
		Release|Any CPU = Release|Any CPU
	EndGlobalSection
	GlobalSection(ProjectConfigurationPlatforms) = postSolution
		{BDED5650-F56E-42E6-8C7A-7CE8F953C907}.Debug|Any CPU.ActiveCfg = Debug|Any CPU
		{BDED5650-F56E-42E6-8C7A-7CE8F953C907}.Debug|Any CPU.Build.0 = Debug|Any CPU
		{BDED5650-F56E-42E6-8C7A-7CE8F953C907}.Release|Any CPU.ActiveCfg = Release|Any CPU
		{BDED5650-F56E-42E6-8C7A-7CE8F953C907}.Release|Any CPU.Build.0 = Release|Any CPU
	EndGlobalSection
	GlobalSection(SolutionProperties) = preSolution
		HideSolutionNode = FALSE
	EndGlobalSection
	GlobalSection(ExtensibilityGlobals) = postSolution
		SolutionGuid = {3BDA68D0-EAB5-4E9E-84C8-B5E1BA4F4315}
	EndGlobalSection
EndGlobal
